
Microsoft Visual Studio Solution File, Format Version 12.00
# Visual Studio Version 16
VisualStudioVersion = 16.0.28822.285
MinimumVisualStudioVersion = 10.0.40219.1
Project("{9A19103F-16F7-4668-BE54-9A1E7A4F7556}") = "Models", "Models\Models.csproj", "{5A2F70D9-60E1-4CD8-A7C2-6EB66645A3E9}"
EndProject
Project("{9A19103F-16F7-4668-BE54-9A1E7A4F7556}") = "Repository.News", "Repository\Repository.News.csproj", "{9A9B2255-DF29-4FE1-BBB3-6F08D7F258DC}"
EndProject
Project("{9A19103F-16F7-4668-BE54-9A1E7A4F7556}") = "Repository.Base", "Repository.Base\Repository.Base.csproj", "{66E3EE8C-4BFB-4689-801D-DEC36DBC1DD9}"
EndProject
Project("{9A19103F-16F7-4668-BE54-9A1E7A4F7556}") = "Helpers", "Helpers\Helpers.csproj", "{1B988738-EBEF-46A4-87F3-DCCB82C28A90}"
EndProject
Project("{2150E333-8FDC-42A3-9474-1A3956D46DE8}") = "Repositories", "Repositories", "{BD2056D3-7B65-49A5-BE3E-0D61E8BA7DAF}"
EndProject
Project("{9A19103F-16F7-4668-BE54-9A1E7A4F7556}") = "WebApi", "WebApi\WebApi.csproj", "{8504BA7A-C4A0-4EDD-8763-E286EEC708D6}"
EndProject
Project("{9A19103F-16F7-4668-BE54-9A1E7A4F7556}") = "Extensions", "Extensions\Extensions.csproj", "{3285CE6A-35EB-40F4-9D53-21EFC817A6A3}"
EndProject
Project("{FAE04EC0-301F-11D3-BF4B-00C04F79EFBC}") = "Enums", "Enums\Enums.csproj", "{8D05EBA6-F148-48A1-8E59-68D4CA428FD1}"
EndProject
Project("{2150E333-8FDC-42A3-9474-1A3956D46DE8}") = "Components", "Components", "{EB993B6D-3174-461F-B6F2-2B571BB02B2E}"
EndProject
Project("{2150E333-8FDC-42A3-9474-1A3956D46DE8}") = "Data", "Data", "{9714ED5C-89DB-44ED-A655-91AFDA86DD0D}"
EndProject
Project("{2150E333-8FDC-42A3-9474-1A3956D46DE8}") = "UI", "UI", "{65FA43D2-80D9-41EE-9F57-CB601AF2F08B}"
EndProject
Global
	GlobalSection(SolutionConfigurationPlatforms) = preSolution
		Debug|Any CPU = Debug|Any CPU
		Release|Any CPU = Release|Any CPU
	EndGlobalSection
	GlobalSection(ProjectConfigurationPlatforms) = postSolution
		{5A2F70D9-60E1-4CD8-A7C2-6EB66645A3E9}.Debug|Any CPU.ActiveCfg = Debug|Any CPU
		{5A2F70D9-60E1-4CD8-A7C2-6EB66645A3E9}.Debug|Any CPU.Build.0 = Debug|Any CPU
		{5A2F70D9-60E1-4CD8-A7C2-6EB66645A3E9}.Release|Any CPU.ActiveCfg = Release|Any CPU
		{5A2F70D9-60E1-4CD8-A7C2-6EB66645A3E9}.Release|Any CPU.Build.0 = Release|Any CPU
		{9A9B2255-DF29-4FE1-BBB3-6F08D7F258DC}.Debug|Any CPU.ActiveCfg = Debug|Any CPU
		{9A9B2255-DF29-4FE1-BBB3-6F08D7F258DC}.Debug|Any CPU.Build.0 = Debug|Any CPU
		{9A9B2255-DF29-4FE1-BBB3-6F08D7F258DC}.Release|Any CPU.ActiveCfg = Release|Any CPU
		{9A9B2255-DF29-4FE1-BBB3-6F08D7F258DC}.Release|Any CPU.Build.0 = Release|Any CPU
		{66E3EE8C-4BFB-4689-801D-DEC36DBC1DD9}.Debug|Any CPU.ActiveCfg = Debug|Any CPU
		{66E3EE8C-4BFB-4689-801D-DEC36DBC1DD9}.Debug|Any CPU.Build.0 = Debug|Any CPU
		{66E3EE8C-4BFB-4689-801D-DEC36DBC1DD9}.Release|Any CPU.ActiveCfg = Release|Any CPU
		{66E3EE8C-4BFB-4689-801D-DEC36DBC1DD9}.Release|Any CPU.Build.0 = Release|Any CPU
		{1B988738-EBEF-46A4-87F3-DCCB82C28A90}.Debug|Any CPU.ActiveCfg = Debug|Any CPU
		{1B988738-EBEF-46A4-87F3-DCCB82C28A90}.Debug|Any CPU.Build.0 = Debug|Any CPU
		{1B988738-EBEF-46A4-87F3-DCCB82C28A90}.Release|Any CPU.ActiveCfg = Release|Any CPU
		{1B988738-EBEF-46A4-87F3-DCCB82C28A90}.Release|Any CPU.Build.0 = Release|Any CPU
		{8504BA7A-C4A0-4EDD-8763-E286EEC708D6}.Debug|Any CPU.ActiveCfg = Debug|Any CPU
		{8504BA7A-C4A0-4EDD-8763-E286EEC708D6}.Debug|Any CPU.Build.0 = Debug|Any CPU
		{8504BA7A-C4A0-4EDD-8763-E286EEC708D6}.Release|Any CPU.ActiveCfg = Release|Any CPU
		{8504BA7A-C4A0-4EDD-8763-E286EEC708D6}.Release|Any CPU.Build.0 = Release|Any CPU
		{3285CE6A-35EB-40F4-9D53-21EFC817A6A3}.Debug|Any CPU.ActiveCfg = Debug|Any CPU
		{3285CE6A-35EB-40F4-9D53-21EFC817A6A3}.Debug|Any CPU.Build.0 = Debug|Any CPU
		{3285CE6A-35EB-40F4-9D53-21EFC817A6A3}.Release|Any CPU.ActiveCfg = Release|Any CPU
		{3285CE6A-35EB-40F4-9D53-21EFC817A6A3}.Release|Any CPU.Build.0 = Release|Any CPU
		{8D05EBA6-F148-48A1-8E59-68D4CA428FD1}.Debug|Any CPU.ActiveCfg = Debug|Any CPU
		{8D05EBA6-F148-48A1-8E59-68D4CA428FD1}.Debug|Any CPU.Build.0 = Debug|Any CPU
		{8D05EBA6-F148-48A1-8E59-68D4CA428FD1}.Release|Any CPU.ActiveCfg = Release|Any CPU
		{8D05EBA6-F148-48A1-8E59-68D4CA428FD1}.Release|Any CPU.Build.0 = Release|Any CPU
	EndGlobalSection
	GlobalSection(SolutionProperties) = preSolution
		HideSolutionNode = FALSE
	EndGlobalSection
	GlobalSection(NestedProjects) = preSolution
		{5A2F70D9-60E1-4CD8-A7C2-6EB66645A3E9} = {9714ED5C-89DB-44ED-A655-91AFDA86DD0D}
		{9A9B2255-DF29-4FE1-BBB3-6F08D7F258DC} = {BD2056D3-7B65-49A5-BE3E-0D61E8BA7DAF}
		{66E3EE8C-4BFB-4689-801D-DEC36DBC1DD9} = {BD2056D3-7B65-49A5-BE3E-0D61E8BA7DAF}
		{1B988738-EBEF-46A4-87F3-DCCB82C28A90} = {EB993B6D-3174-461F-B6F2-2B571BB02B2E}
		{8504BA7A-C4A0-4EDD-8763-E286EEC708D6} = {65FA43D2-80D9-41EE-9F57-CB601AF2F08B}
		{3285CE6A-35EB-40F4-9D53-21EFC817A6A3} = {EB993B6D-3174-461F-B6F2-2B571BB02B2E}
		{8D05EBA6-F148-48A1-8E59-68D4CA428FD1} = {EB993B6D-3174-461F-B6F2-2B571BB02B2E}
	EndGlobalSection
	GlobalSection(ExtensibilityGlobals) = postSolution
		SolutionGuid = {B82A69F1-5ED3-4FBC-AA5A-CEF2DAF3C7F5}
	EndGlobalSection
EndGlobal
