
Microsoft Visual Studio Solution File, Format Version 12.00
# Visual Studio Version 16
VisualStudioVersion = 16.0.28822.285
MinimumVisualStudioVersion = 10.0.40219.1
Project("{9A19103F-16F7-4668-BE54-9A1E7A4F7556}") = "Models", "Models\Models.csproj", "{5A2F70D9-60E1-4CD8-A7C2-6EB66645A3E9}"
EndProject
Project("{9A19103F-16F7-4668-BE54-9A1E7A4F7556}") = "Repository.News", "Repository\Repository.News.csproj", "{9A9B2255-DF29-4FE1-BBB3-6F08D7F258DC}"
EndProject
Project("{9A19103F-16F7-4668-BE54-9A1E7A4F7556}") = "Repository.Base", "Repository.Base\Repository.Base.csproj", "{66E3EE8C-4BFB-4689-801D-DEC36DBC1DD9}"
EndProject
Project("{9A19103F-16F7-4668-BE54-9A1E7A4F7556}") = "Helpers", "Helpers\Helpers.csproj", "{1B988738-EBEF-46A4-87F3-DCCB82C28A90}"
EndProject
Project("{2150E333-8FDC-42A3-9474-1A3956D46DE8}") = "Repositories", "Repositories", "{BD2056D3-7B65-49A5-BE3E-0D61E8BA7DAF}"
EndProject
Project("{9A19103F-16F7-4668-BE54-9A1E7A4F7556}") = "WebApi", "WebApi\WebApi.csproj", "{8504BA7A-C4A0-4EDD-8763-E286EEC708D6}"
EndProject
Project("{9A19103F-16F7-4668-BE54-9A1E7A4F7556}") = "Extensions", "Extensions\Extensions.csproj", "{3285CE6A-35EB-40F4-9D53-21EFC817A6A3}"
EndProject
Project("{2150E333-8FDC-42A3-9474-1A3956D46DE8}") = "Components", "Components", "{EB993B6D-3174-461F-B6F2-2B571BB02B2E}"
EndProject
Project("{2150E333-8FDC-42A3-9474-1A3956D46DE8}") = "Data", "Data", "{9714ED5C-89DB-44ED-A655-91AFDA86DD0D}"
EndProject
Project("{2150E333-8FDC-42A3-9474-1A3956D46DE8}") = "Web", "Web", "{65FA43D2-80D9-41EE-9F57-CB601AF2F08B}"
EndProject
Project("{9A19103F-16F7-4668-BE54-9A1E7A4F7556}") = "Interfaces", "Interfaces\Interfaces.csproj", "{78E81444-88A7-4D2C-BF76-A5ADFF889C24}"
EndProject
Project("{2150E333-8FDC-42A3-9474-1A3956D46DE8}") = "API", "API", "{170E3A62-A090-4AF3-80D3-361378084744}"
EndProject
Project("{2150E333-8FDC-42A3-9474-1A3956D46DE8}") = "Mobile", "Mobile", "{48AFDEE0-CCB5-4071-B93F-647A7F89F1DC}"
EndProject
Project("{FAE04EC0-301F-11D3-BF4B-00C04F79EFBC}") = "NewsMobile.Android", "Mobile\NewsMobile\NewsMobile.Android\NewsMobile.Android.csproj", "{4C1E4C7C-A23F-46EC-96EB-269C19B2F13A}"
EndProject
Project("{FAE04EC0-301F-11D3-BF4B-00C04F79EFBC}") = "NewsMobile.iOS", "Mobile\NewsMobile\NewsMobile.iOS\NewsMobile.iOS.csproj", "{28FDE4A1-6C4B-4C15-A654-6A8323FB57AB}"
EndProject
Project("{9A19103F-16F7-4668-BE54-9A1E7A4F7556}") = "NewsMobile", "Mobile\NewsMobile\NewsMobile\NewsMobile.csproj", "{9D7A5DD7-8950-4EA2-826B-1F559433DABE}"
EndProject
Global
	GlobalSection(SolutionConfigurationPlatforms) = preSolution
		Debug|Any CPU = Debug|Any CPU
		Debug|iPhone = Debug|iPhone
		Debug|iPhoneSimulator = Debug|iPhoneSimulator
		Release|Any CPU = Release|Any CPU
		Release|iPhone = Release|iPhone
		Release|iPhoneSimulator = Release|iPhoneSimulator
	EndGlobalSection
	GlobalSection(ProjectConfigurationPlatforms) = postSolution
		{5A2F70D9-60E1-4CD8-A7C2-6EB66645A3E9}.Debug|Any CPU.ActiveCfg = Debug|Any CPU
		{5A2F70D9-60E1-4CD8-A7C2-6EB66645A3E9}.Debug|Any CPU.Build.0 = Debug|Any CPU
		{5A2F70D9-60E1-4CD8-A7C2-6EB66645A3E9}.Debug|iPhone.ActiveCfg = Debug|Any CPU
		{5A2F70D9-60E1-4CD8-A7C2-6EB66645A3E9}.Debug|iPhone.Build.0 = Debug|Any CPU
		{5A2F70D9-60E1-4CD8-A7C2-6EB66645A3E9}.Debug|iPhoneSimulator.ActiveCfg = Debug|Any CPU
		{5A2F70D9-60E1-4CD8-A7C2-6EB66645A3E9}.Debug|iPhoneSimulator.Build.0 = Debug|Any CPU
		{5A2F70D9-60E1-4CD8-A7C2-6EB66645A3E9}.Release|Any CPU.ActiveCfg = Release|Any CPU
		{5A2F70D9-60E1-4CD8-A7C2-6EB66645A3E9}.Release|Any CPU.Build.0 = Release|Any CPU
		{5A2F70D9-60E1-4CD8-A7C2-6EB66645A3E9}.Release|iPhone.ActiveCfg = Release|Any CPU
		{5A2F70D9-60E1-4CD8-A7C2-6EB66645A3E9}.Release|iPhone.Build.0 = Release|Any CPU
		{5A2F70D9-60E1-4CD8-A7C2-6EB66645A3E9}.Release|iPhoneSimulator.ActiveCfg = Release|Any CPU
		{5A2F70D9-60E1-4CD8-A7C2-6EB66645A3E9}.Release|iPhoneSimulator.Build.0 = Release|Any CPU
		{9A9B2255-DF29-4FE1-BBB3-6F08D7F258DC}.Debug|Any CPU.ActiveCfg = Debug|Any CPU
		{9A9B2255-DF29-4FE1-BBB3-6F08D7F258DC}.Debug|Any CPU.Build.0 = Debug|Any CPU
		{9A9B2255-DF29-4FE1-BBB3-6F08D7F258DC}.Debug|iPhone.ActiveCfg = Debug|Any CPU
		{9A9B2255-DF29-4FE1-BBB3-6F08D7F258DC}.Debug|iPhone.Build.0 = Debug|Any CPU
		{9A9B2255-DF29-4FE1-BBB3-6F08D7F258DC}.Debug|iPhoneSimulator.ActiveCfg = Debug|Any CPU
		{9A9B2255-DF29-4FE1-BBB3-6F08D7F258DC}.Debug|iPhoneSimulator.Build.0 = Debug|Any CPU
		{9A9B2255-DF29-4FE1-BBB3-6F08D7F258DC}.Release|Any CPU.ActiveCfg = Release|Any CPU
		{9A9B2255-DF29-4FE1-BBB3-6F08D7F258DC}.Release|Any CPU.Build.0 = Release|Any CPU
		{9A9B2255-DF29-4FE1-BBB3-6F08D7F258DC}.Release|iPhone.ActiveCfg = Release|Any CPU
		{9A9B2255-DF29-4FE1-BBB3-6F08D7F258DC}.Release|iPhone.Build.0 = Release|Any CPU
		{9A9B2255-DF29-4FE1-BBB3-6F08D7F258DC}.Release|iPhoneSimulator.ActiveCfg = Release|Any CPU
		{9A9B2255-DF29-4FE1-BBB3-6F08D7F258DC}.Release|iPhoneSimulator.Build.0 = Release|Any CPU
		{66E3EE8C-4BFB-4689-801D-DEC36DBC1DD9}.Debug|Any CPU.ActiveCfg = Debug|Any CPU
		{66E3EE8C-4BFB-4689-801D-DEC36DBC1DD9}.Debug|Any CPU.Build.0 = Debug|Any CPU
		{66E3EE8C-4BFB-4689-801D-DEC36DBC1DD9}.Debug|iPhone.ActiveCfg = Debug|Any CPU
		{66E3EE8C-4BFB-4689-801D-DEC36DBC1DD9}.Debug|iPhone.Build.0 = Debug|Any CPU
		{66E3EE8C-4BFB-4689-801D-DEC36DBC1DD9}.Debug|iPhoneSimulator.ActiveCfg = Debug|Any CPU
		{66E3EE8C-4BFB-4689-801D-DEC36DBC1DD9}.Debug|iPhoneSimulator.Build.0 = Debug|Any CPU
		{66E3EE8C-4BFB-4689-801D-DEC36DBC1DD9}.Release|Any CPU.ActiveCfg = Release|Any CPU
		{66E3EE8C-4BFB-4689-801D-DEC36DBC1DD9}.Release|Any CPU.Build.0 = Release|Any CPU
		{66E3EE8C-4BFB-4689-801D-DEC36DBC1DD9}.Release|iPhone.ActiveCfg = Release|Any CPU
		{66E3EE8C-4BFB-4689-801D-DEC36DBC1DD9}.Release|iPhone.Build.0 = Release|Any CPU
		{66E3EE8C-4BFB-4689-801D-DEC36DBC1DD9}.Release|iPhoneSimulator.ActiveCfg = Release|Any CPU
		{66E3EE8C-4BFB-4689-801D-DEC36DBC1DD9}.Release|iPhoneSimulator.Build.0 = Release|Any CPU
		{1B988738-EBEF-46A4-87F3-DCCB82C28A90}.Debug|Any CPU.ActiveCfg = Debug|Any CPU
		{1B988738-EBEF-46A4-87F3-DCCB82C28A90}.Debug|Any CPU.Build.0 = Debug|Any CPU
		{1B988738-EBEF-46A4-87F3-DCCB82C28A90}.Debug|iPhone.ActiveCfg = Debug|Any CPU
		{1B988738-EBEF-46A4-87F3-DCCB82C28A90}.Debug|iPhone.Build.0 = Debug|Any CPU
		{1B988738-EBEF-46A4-87F3-DCCB82C28A90}.Debug|iPhoneSimulator.ActiveCfg = Debug|Any CPU
		{1B988738-EBEF-46A4-87F3-DCCB82C28A90}.Debug|iPhoneSimulator.Build.0 = Debug|Any CPU
		{1B988738-EBEF-46A4-87F3-DCCB82C28A90}.Release|Any CPU.ActiveCfg = Release|Any CPU
		{1B988738-EBEF-46A4-87F3-DCCB82C28A90}.Release|Any CPU.Build.0 = Release|Any CPU
		{1B988738-EBEF-46A4-87F3-DCCB82C28A90}.Release|iPhone.ActiveCfg = Release|Any CPU
		{1B988738-EBEF-46A4-87F3-DCCB82C28A90}.Release|iPhone.Build.0 = Release|Any CPU
		{1B988738-EBEF-46A4-87F3-DCCB82C28A90}.Release|iPhoneSimulator.ActiveCfg = Release|Any CPU
		{1B988738-EBEF-46A4-87F3-DCCB82C28A90}.Release|iPhoneSimulator.Build.0 = Release|Any CPU
		{8504BA7A-C4A0-4EDD-8763-E286EEC708D6}.Debug|Any CPU.ActiveCfg = Debug|Any CPU
		{8504BA7A-C4A0-4EDD-8763-E286EEC708D6}.Debug|Any CPU.Build.0 = Debug|Any CPU
		{8504BA7A-C4A0-4EDD-8763-E286EEC708D6}.Debug|iPhone.ActiveCfg = Debug|Any CPU
		{8504BA7A-C4A0-4EDD-8763-E286EEC708D6}.Debug|iPhone.Build.0 = Debug|Any CPU
		{8504BA7A-C4A0-4EDD-8763-E286EEC708D6}.Debug|iPhoneSimulator.ActiveCfg = Debug|Any CPU
		{8504BA7A-C4A0-4EDD-8763-E286EEC708D6}.Debug|iPhoneSimulator.Build.0 = Debug|Any CPU
		{8504BA7A-C4A0-4EDD-8763-E286EEC708D6}.Release|Any CPU.ActiveCfg = Release|Any CPU
		{8504BA7A-C4A0-4EDD-8763-E286EEC708D6}.Release|Any CPU.Build.0 = Release|Any CPU
		{8504BA7A-C4A0-4EDD-8763-E286EEC708D6}.Release|iPhone.ActiveCfg = Release|Any CPU
		{8504BA7A-C4A0-4EDD-8763-E286EEC708D6}.Release|iPhone.Build.0 = Release|Any CPU
		{8504BA7A-C4A0-4EDD-8763-E286EEC708D6}.Release|iPhoneSimulator.ActiveCfg = Release|Any CPU
		{8504BA7A-C4A0-4EDD-8763-E286EEC708D6}.Release|iPhoneSimulator.Build.0 = Release|Any CPU
		{3285CE6A-35EB-40F4-9D53-21EFC817A6A3}.Debug|Any CPU.ActiveCfg = Debug|Any CPU
		{3285CE6A-35EB-40F4-9D53-21EFC817A6A3}.Debug|Any CPU.Build.0 = Debug|Any CPU
		{3285CE6A-35EB-40F4-9D53-21EFC817A6A3}.Debug|iPhone.ActiveCfg = Debug|Any CPU
		{3285CE6A-35EB-40F4-9D53-21EFC817A6A3}.Debug|iPhone.Build.0 = Debug|Any CPU
		{3285CE6A-35EB-40F4-9D53-21EFC817A6A3}.Debug|iPhoneSimulator.ActiveCfg = Debug|Any CPU
		{3285CE6A-35EB-40F4-9D53-21EFC817A6A3}.Debug|iPhoneSimulator.Build.0 = Debug|Any CPU
		{3285CE6A-35EB-40F4-9D53-21EFC817A6A3}.Release|Any CPU.ActiveCfg = Release|Any CPU
		{3285CE6A-35EB-40F4-9D53-21EFC817A6A3}.Release|Any CPU.Build.0 = Release|Any CPU
		{3285CE6A-35EB-40F4-9D53-21EFC817A6A3}.Release|iPhone.ActiveCfg = Release|Any CPU
		{3285CE6A-35EB-40F4-9D53-21EFC817A6A3}.Release|iPhone.Build.0 = Release|Any CPU
		{3285CE6A-35EB-40F4-9D53-21EFC817A6A3}.Release|iPhoneSimulator.ActiveCfg = Release|Any CPU
		{3285CE6A-35EB-40F4-9D53-21EFC817A6A3}.Release|iPhoneSimulator.Build.0 = Release|Any CPU
		{78E81444-88A7-4D2C-BF76-A5ADFF889C24}.Debug|Any CPU.ActiveCfg = Debug|Any CPU
		{78E81444-88A7-4D2C-BF76-A5ADFF889C24}.Debug|Any CPU.Build.0 = Debug|Any CPU
		{78E81444-88A7-4D2C-BF76-A5ADFF889C24}.Debug|iPhone.ActiveCfg = Debug|Any CPU
		{78E81444-88A7-4D2C-BF76-A5ADFF889C24}.Debug|iPhone.Build.0 = Debug|Any CPU
		{78E81444-88A7-4D2C-BF76-A5ADFF889C24}.Debug|iPhoneSimulator.ActiveCfg = Debug|Any CPU
		{78E81444-88A7-4D2C-BF76-A5ADFF889C24}.Debug|iPhoneSimulator.Build.0 = Debug|Any CPU
		{78E81444-88A7-4D2C-BF76-A5ADFF889C24}.Release|Any CPU.ActiveCfg = Release|Any CPU
		{78E81444-88A7-4D2C-BF76-A5ADFF889C24}.Release|Any CPU.Build.0 = Release|Any CPU
		{78E81444-88A7-4D2C-BF76-A5ADFF889C24}.Release|iPhone.ActiveCfg = Release|Any CPU
		{78E81444-88A7-4D2C-BF76-A5ADFF889C24}.Release|iPhone.Build.0 = Release|Any CPU
		{78E81444-88A7-4D2C-BF76-A5ADFF889C24}.Release|iPhoneSimulator.ActiveCfg = Release|Any CPU
		{78E81444-88A7-4D2C-BF76-A5ADFF889C24}.Release|iPhoneSimulator.Build.0 = Release|Any CPU
		{4C1E4C7C-A23F-46EC-96EB-269C19B2F13A}.Debug|Any CPU.ActiveCfg = Debug|Any CPU
		{4C1E4C7C-A23F-46EC-96EB-269C19B2F13A}.Debug|Any CPU.Build.0 = Debug|Any CPU
		{4C1E4C7C-A23F-46EC-96EB-269C19B2F13A}.Debug|Any CPU.Deploy.0 = Debug|Any CPU
		{4C1E4C7C-A23F-46EC-96EB-269C19B2F13A}.Debug|iPhone.ActiveCfg = Debug|Any CPU
		{4C1E4C7C-A23F-46EC-96EB-269C19B2F13A}.Debug|iPhone.Build.0 = Debug|Any CPU
		{4C1E4C7C-A23F-46EC-96EB-269C19B2F13A}.Debug|iPhone.Deploy.0 = Debug|Any CPU
		{4C1E4C7C-A23F-46EC-96EB-269C19B2F13A}.Debug|iPhoneSimulator.ActiveCfg = Debug|Any CPU
		{4C1E4C7C-A23F-46EC-96EB-269C19B2F13A}.Debug|iPhoneSimulator.Build.0 = Debug|Any CPU
		{4C1E4C7C-A23F-46EC-96EB-269C19B2F13A}.Debug|iPhoneSimulator.Deploy.0 = Debug|Any CPU
		{4C1E4C7C-A23F-46EC-96EB-269C19B2F13A}.Release|Any CPU.ActiveCfg = Release|Any CPU
		{4C1E4C7C-A23F-46EC-96EB-269C19B2F13A}.Release|Any CPU.Build.0 = Release|Any CPU
		{4C1E4C7C-A23F-46EC-96EB-269C19B2F13A}.Release|Any CPU.Deploy.0 = Release|Any CPU
		{4C1E4C7C-A23F-46EC-96EB-269C19B2F13A}.Release|iPhone.ActiveCfg = Release|Any CPU
		{4C1E4C7C-A23F-46EC-96EB-269C19B2F13A}.Release|iPhone.Build.0 = Release|Any CPU
		{4C1E4C7C-A23F-46EC-96EB-269C19B2F13A}.Release|iPhone.Deploy.0 = Release|Any CPU
		{4C1E4C7C-A23F-46EC-96EB-269C19B2F13A}.Release|iPhoneSimulator.ActiveCfg = Release|Any CPU
		{4C1E4C7C-A23F-46EC-96EB-269C19B2F13A}.Release|iPhoneSimulator.Build.0 = Release|Any CPU
		{4C1E4C7C-A23F-46EC-96EB-269C19B2F13A}.Release|iPhoneSimulator.Deploy.0 = Release|Any CPU
		{28FDE4A1-6C4B-4C15-A654-6A8323FB57AB}.Debug|Any CPU.ActiveCfg = Debug|iPhone
		{28FDE4A1-6C4B-4C15-A654-6A8323FB57AB}.Debug|iPhone.ActiveCfg = Debug|iPhone
		{28FDE4A1-6C4B-4C15-A654-6A8323FB57AB}.Debug|iPhone.Build.0 = Debug|iPhone
		{28FDE4A1-6C4B-4C15-A654-6A8323FB57AB}.Debug|iPhoneSimulator.ActiveCfg = Debug|iPhoneSimulator
		{28FDE4A1-6C4B-4C15-A654-6A8323FB57AB}.Debug|iPhoneSimulator.Build.0 = Debug|iPhoneSimulator
		{28FDE4A1-6C4B-4C15-A654-6A8323FB57AB}.Release|Any CPU.ActiveCfg = Release|iPhone
		{28FDE4A1-6C4B-4C15-A654-6A8323FB57AB}.Release|iPhone.ActiveCfg = Release|iPhone
		{28FDE4A1-6C4B-4C15-A654-6A8323FB57AB}.Release|iPhone.Build.0 = Release|iPhone
		{28FDE4A1-6C4B-4C15-A654-6A8323FB57AB}.Release|iPhoneSimulator.ActiveCfg = Release|iPhoneSimulator
		{28FDE4A1-6C4B-4C15-A654-6A8323FB57AB}.Release|iPhoneSimulator.Build.0 = Release|iPhoneSimulator
		{9D7A5DD7-8950-4EA2-826B-1F559433DABE}.Debug|Any CPU.ActiveCfg = Debug|Any CPU
		{9D7A5DD7-8950-4EA2-826B-1F559433DABE}.Debug|Any CPU.Build.0 = Debug|Any CPU
		{9D7A5DD7-8950-4EA2-826B-1F559433DABE}.Debug|iPhone.ActiveCfg = Debug|Any CPU
		{9D7A5DD7-8950-4EA2-826B-1F559433DABE}.Debug|iPhone.Build.0 = Debug|Any CPU
		{9D7A5DD7-8950-4EA2-826B-1F559433DABE}.Debug|iPhoneSimulator.ActiveCfg = Debug|Any CPU
		{9D7A5DD7-8950-4EA2-826B-1F559433DABE}.Debug|iPhoneSimulator.Build.0 = Debug|Any CPU
		{9D7A5DD7-8950-4EA2-826B-1F559433DABE}.Release|Any CPU.ActiveCfg = Release|Any CPU
		{9D7A5DD7-8950-4EA2-826B-1F559433DABE}.Release|Any CPU.Build.0 = Release|Any CPU
		{9D7A5DD7-8950-4EA2-826B-1F559433DABE}.Release|iPhone.ActiveCfg = Release|Any CPU
		{9D7A5DD7-8950-4EA2-826B-1F559433DABE}.Release|iPhone.Build.0 = Release|Any CPU
		{9D7A5DD7-8950-4EA2-826B-1F559433DABE}.Release|iPhoneSimulator.ActiveCfg = Release|Any CPU
		{9D7A5DD7-8950-4EA2-826B-1F559433DABE}.Release|iPhoneSimulator.Build.0 = Release|Any CPU
	EndGlobalSection
	GlobalSection(SolutionProperties) = preSolution
		HideSolutionNode = FALSE
	EndGlobalSection
	GlobalSection(NestedProjects) = preSolution
		{5A2F70D9-60E1-4CD8-A7C2-6EB66645A3E9} = {9714ED5C-89DB-44ED-A655-91AFDA86DD0D}
		{9A9B2255-DF29-4FE1-BBB3-6F08D7F258DC} = {BD2056D3-7B65-49A5-BE3E-0D61E8BA7DAF}
		{66E3EE8C-4BFB-4689-801D-DEC36DBC1DD9} = {BD2056D3-7B65-49A5-BE3E-0D61E8BA7DAF}
		{1B988738-EBEF-46A4-87F3-DCCB82C28A90} = {EB993B6D-3174-461F-B6F2-2B571BB02B2E}
		{BD2056D3-7B65-49A5-BE3E-0D61E8BA7DAF} = {170E3A62-A090-4AF3-80D3-361378084744}
		{8504BA7A-C4A0-4EDD-8763-E286EEC708D6} = {65FA43D2-80D9-41EE-9F57-CB601AF2F08B}
		{3285CE6A-35EB-40F4-9D53-21EFC817A6A3} = {EB993B6D-3174-461F-B6F2-2B571BB02B2E}
		{EB993B6D-3174-461F-B6F2-2B571BB02B2E} = {170E3A62-A090-4AF3-80D3-361378084744}
		{9714ED5C-89DB-44ED-A655-91AFDA86DD0D} = {170E3A62-A090-4AF3-80D3-361378084744}
		{65FA43D2-80D9-41EE-9F57-CB601AF2F08B} = {170E3A62-A090-4AF3-80D3-361378084744}
		{78E81444-88A7-4D2C-BF76-A5ADFF889C24} = {EB993B6D-3174-461F-B6F2-2B571BB02B2E}
		{4C1E4C7C-A23F-46EC-96EB-269C19B2F13A} = {48AFDEE0-CCB5-4071-B93F-647A7F89F1DC}
		{28FDE4A1-6C4B-4C15-A654-6A8323FB57AB} = {48AFDEE0-CCB5-4071-B93F-647A7F89F1DC}
		{9D7A5DD7-8950-4EA2-826B-1F559433DABE} = {48AFDEE0-CCB5-4071-B93F-647A7F89F1DC}
	EndGlobalSection
	GlobalSection(ExtensibilityGlobals) = postSolution
		SolutionGuid = {B82A69F1-5ED3-4FBC-AA5A-CEF2DAF3C7F5}
	EndGlobalSection
EndGlobal
